
Microsoft Visual Studio Solution File, Format Version 12.00
# Visual Studio Version 17
VisualStudioVersion = 17.8.34322.80
MinimumVisualStudioVersion = 10.0.40219.1
Project("{FAE04EC0-301F-11D3-BF4B-00C04F79EFBC}") = "macros", "macros.csproj", "{5ADE537C-6529-42B7-A41E-DA0338BB918A}"
EndProject
Global
	GlobalSection(SolutionConfigurationPlatforms) = preSolution
		Debug|Any CPU = Debug|Any CPU
		Release|Any CPU = Release|Any CPU
	EndGlobalSection
	GlobalSection(ProjectConfigurationPlatforms) = postSolution
		{5ADE537C-6529-42B7-A41E-DA0338BB918A}.Debug|Any CPU.ActiveCfg = Debug|Any CPU
		{5ADE537C-6529-42B7-A41E-DA0338BB918A}.Debug|Any CPU.Build.0 = Debug|Any CPU
		{5ADE537C-6529-42B7-A41E-DA0338BB918A}.Release|Any CPU.ActiveCfg = Release|Any CPU
		{5ADE537C-6529-42B7-A41E-DA0338BB918A}.Release|Any CPU.Build.0 = Release|Any CPU
	EndGlobalSection
	GlobalSection(SolutionProperties) = preSolution
		HideSolutionNode = FALSE
	EndGlobalSection
	GlobalSection(ExtensibilityGlobals) = postSolution
		SolutionGuid = {16BFC912-DCCA-46B2-B3FB-6A26BBBF01BA}
	EndGlobalSection
EndGlobal
